
Microsoft Visual Studio Solution File, Format Version 12.00
# Visual Studio Version 16
VisualStudioVersion = 16.0.32413.511
MinimumVisualStudioVersion = 10.0.40219.1
Project("{FAE04EC0-301F-11D3-BF4B-00C04F79EFBC}") = "ellipsis_drive_addin", "ellipsis_drive_addin\ellipsis_drive_addin.csproj", "{C0943ED2-57BD-4F55-BB63-FEA0A5EDB651}"
EndProject
Global
	GlobalSection(SolutionConfigurationPlatforms) = preSolution
		Debug|Any CPU = Debug|Any CPU
		Release|Any CPU = Release|Any CPU
	EndGlobalSection
	GlobalSection(ProjectConfigurationPlatforms) = postSolution
		{C0943ED2-57BD-4F55-BB63-FEA0A5EDB651}.Debug|Any CPU.ActiveCfg = Debug|Any CPU
		{C0943ED2-57BD-4F55-BB63-FEA0A5EDB651}.Debug|Any CPU.Build.0 = Debug|Any CPU
		{C0943ED2-57BD-4F55-BB63-FEA0A5EDB651}.Release|Any CPU.ActiveCfg = Release|Any CPU
		{C0943ED2-57BD-4F55-BB63-FEA0A5EDB651}.Release|Any CPU.Build.0 = Release|Any CPU
	EndGlobalSection
	GlobalSection(SolutionProperties) = preSolution
		HideSolutionNode = FALSE
	EndGlobalSection
	GlobalSection(ExtensibilityGlobals) = postSolution
		SolutionGuid = {F98F05CC-F76B-4365-A379-EC33B5A4D671}
	EndGlobalSection
EndGlobal
